{
  "name": "dsh-tether-ios",
  "version": "0.1.0",
  "lockfileVersion": 3,
  "requires": true,
  "packages": {
    "": {
      "name": "dsh-tether-ios",
      "version": "0.1.0",
      "license": "MIT",
      "engines": {
        "node": ">=24.0.0",
        "dsh": "0.2.0-rc.2"
      },
      "os": [
        "darwin"
      ],
      "cpu": [
        "arm64"
      ],
      "peerDependencies": {
        "@deepseek-ai/dsh-host-webserver": "0.2.0-rc.2",
        "@deepseek-ai/dsh-client-connection": "0.2.0-rc.2",
        "@deepseek-ai/dsh-user-approval": "0.2.0-rc.2"
      },
      "peerDependenciesMeta": {
        "@deepseek-ai/dsh-host-webserver": {
          "optional": true
        },
        "@deepseek-ai/dsh-client-connection": {
          "optional": true
        },
        "@deepseek-ai/dsh-user-approval": {
          "optional": true
        }
      }
    }
  }
}
